# THIS IS AN AUTOGENERATED FILE. DO NOT EDIT THIS FILE DIRECTLY.
# yarn lockfile v1


"@koa/router@^10.1.1":
  version "10.1.1"
  resolved "https://registry.nlark.com/@koa/router/download/@koa/router-10.1.1.tgz#8e5a85c9b243e0bc776802c0de564561e57a5f78"
  integrity sha1-jlqFybJD4Lx3aALA3lZFYeV6X3g=
  dependencies:
    debug "^4.1.1"
    http-errors "^1.7.3"
    koa-compose "^4.1.0"
    methods "^1.1.2"
    path-to-regexp "^6.1.0"

"@sindresorhus/is@^4.2.0":
  version "4.2.0"
  resolved "https://registry.nlark.com/@sindresorhus/is/download/@sindresorhus/is-4.2.0.tgz?cache=0&other_urls=https%3A%2F%2Fregistry.nlark.com%2F%40sindresorhus%2Fis%2Fdownload%2F%40sindresorhus%2Fis-4.2.0.tgz#667bfc6186ae7c9e0b45a08960c551437176e1ca"
  integrity sha1-Znv8YYaufJ4LRaCJYMVRQ3F24co=

"@szmarczak/http-timer@^5.0.1":
  version "5.0.1"
  resolved "https://registry.nlark.com/@szmarczak/http-timer/download/@szmarczak/http-timer-5.0.1.tgz?cache=0&sync_timestamp=1629502165113&other_urls=https%3A%2F%2Fregistry.nlark.com%2F%40szmarczak%2Fhttp-timer%2Fdownload%2F%40szmarczak%2Fhttp-timer-5.0.1.tgz#c7c1bf1141cdd4751b0399c8fc7b8b664cd5be3a"
  integrity sha1-x8G/EUHN1HUbA5nI/HuLZkzVvjo=
  dependencies:
    defer-to-connect "^2.0.1"

"@types/cacheable-request@^6.0.2":
  version "6.0.2"
  resolved "https://registry.npmmirror.com/@types/cacheable-request/download/@types/cacheable-request-6.0.2.tgz?cache=0&sync_timestamp=1637264500656&other_urls=https%3A%2F%2Fregistry.npmmirror.com%2F%40types%2Fcacheable-request%2Fdownload%2F%40types%2Fcacheable-request-6.0.2.tgz#c324da0197de0a98a2312156536ae262429ff6b9"
  integrity sha1-wyTaAZfeCpiiMSFWU2riYkKf9rk=
  dependencies:
    "@types/http-cache-semantics" "*"
    "@types/keyv" "*"
    "@types/node" "*"
    "@types/responselike" "*"

"@types/got@^9.6.12":
  version "9.6.12"
  resolved "https://registry.npmmirror.com/@types/got/download/@types/got-9.6.12.tgz#fd42a6e1f5f64cd6bb422279b08c30bb5a15a56f"
  integrity sha1-/UKm4fX2TNa7QiJ5sIwwu1oVpW8=
  dependencies:
    "@types/node" "*"
    "@types/tough-cookie" "*"
    form-data "^2.5.0"

"@types/http-cache-semantics@*":
  version "4.0.1"
  resolved "https://registry.npmmirror.com/@types/http-cache-semantics/download/@types/http-cache-semantics-4.0.1.tgz?cache=0&sync_timestamp=1637265809017&other_urls=https%3A%2F%2Fregistry.npmmirror.com%2F%40types%2Fhttp-cache-semantics%2Fdownload%2F%40types%2Fhttp-cache-semantics-4.0.1.tgz#0ea7b61496902b95890dc4c3a116b60cb8dae812"
  integrity sha1-Dqe2FJaQK5WJDcTDoRa2DLja6BI=

"@types/keyv@*":
  version "3.1.3"
  resolved "https://registry.npmmirror.com/@types/keyv/download/@types/keyv-3.1.3.tgz?cache=0&sync_timestamp=1637266390566&other_urls=https%3A%2F%2Fregistry.npmmirror.com%2F%40types%2Fkeyv%2Fdownload%2F%40types%2Fkeyv-3.1.3.tgz#1c9aae32872ec1f20dcdaee89a9f3ba88f465e41"
  integrity sha1-HJquMocuwfINza7omp87qI9GXkE=
  dependencies:
    "@types/node" "*"

"@types/node@*":
  version "17.0.4"
  resolved "https://registry.npmmirror.com/@types/node/download/@types/node-17.0.4.tgz#fec0ce0526abb6062fd206d72a642811b887a111"
  integrity sha512-6xwbrW4JJiJLgF+zNypN5wr2ykM9/jHcL7rQ8fZe2vuftggjzZeRSM4OwRc6Xk8qWjwJ99qVHo/JgOGmomWRog==

"@types/responselike@*", "@types/responselike@^1.0.0":
  version "1.0.0"
  resolved "https://registry.npmmirror.com/@types/responselike/download/@types/responselike-1.0.0.tgz?cache=0&sync_timestamp=1637269963790&other_urls=https%3A%2F%2Fregistry.npmmirror.com%2F%40types%2Fresponselike%2Fdownload%2F%40types%2Fresponselike-1.0.0.tgz#251f4fe7d154d2bad125abe1b429b23afd262e29"
  integrity sha1-JR9P59FU0rrRJavhtCmyOv0mLik=
  dependencies:
    "@types/node" "*"

"@types/tough-cookie@*":
  version "4.0.1"
  resolved "https://registry.npmmirror.com/@types/tough-cookie/download/@types/tough-cookie-4.0.1.tgz#8f80dd965ad81f3e1bc26d6f5c727e132721ff40"
  integrity sha1-j4DdllrYHz4bwm1vXHJ+Eych/0A=

accepts@^1.3.5:
  version "1.3.7"
  resolved "https://registry.npm.taobao.org/accepts/download/accepts-1.3.7.tgz#531bc726517a3b2b41f850021c6cc15eaab507cd"
  integrity sha1-UxvHJlF6OytB+FACHGzBXqq1B80=
  dependencies:
    mime-types "~2.1.24"
    negotiator "0.6.2"

ajv@^6.12.3:
  version "6.12.6"
  resolved "https://registry.nlark.com/ajv/download/ajv-6.12.6.tgz?cache=0&sync_timestamp=1622991619843&other_urls=https%3A%2F%2Fregistry.nlark.com%2Fajv%2Fdownload%2Fajv-6.12.6.tgz#baf5a62e802b07d977034586f8c3baf5adf26df4"
  integrity sha1-uvWmLoArB9l3A0WG+MO69a3ybfQ=
  dependencies:
    fast-deep-equal "^3.1.1"
    fast-json-stable-stringify "^2.0.0"
    json-schema-traverse "^0.4.1"
    uri-js "^4.2.2"

ansi-regex@^2.0.0:
  version "2.1.1"
  resolved "https://registry.nlark.com/ansi-regex/download/ansi-regex-2.1.1.tgz#c3b33ab5ee360d86e0e628f0468ae7ef27d654df"
  integrity sha1-w7M6te42DYbg5ijwRorn7yfWVN8=

asn1@~0.2.3:
  version "0.2.4"
  resolved "https://registry.npm.taobao.org/asn1/download/asn1-0.2.4.tgz#8d2475dfab553bb33e77b54e59e880bb8ce23136"
  integrity sha1-jSR136tVO7M+d7VOWeiAu4ziMTY=
  dependencies:
    safer-buffer "~2.1.0"

assert-plus@1.0.0, assert-plus@^1.0.0:
  version "1.0.0"
  resolved "https://registry.npm.taobao.org/assert-plus/download/assert-plus-1.0.0.tgz#f12e0f3c5d77b0b1cdd9146942e4e96c1e4dd525"
  integrity sha1-8S4PPF13sLHN2RRpQuTpbB5N1SU=

asynckit@^0.4.0:
  version "0.4.0"
  resolved "https://registry.npm.taobao.org/asynckit/download/asynckit-0.4.0.tgz#c79ed97f7f34cb8f2ba1bc9790bcc366474b4b79"
  integrity sha1-x57Zf380y48robyXkLzDZkdLS3k=

aws-sign2@~0.7.0:
  version "0.7.0"
  resolved "https://registry.nlark.com/aws-sign2/download/aws-sign2-0.7.0.tgz#b46e890934a9591f2d2f6f86d7e6a9f1b3fe76a8"
  integrity sha1-tG6JCTSpWR8tL2+G1+ap8bP+dqg=

aws4@^1.8.0:
  version "1.11.0"
  resolved "https://registry.npm.taobao.org/aws4/download/aws4-1.11.0.tgz?cache=0&sync_timestamp=1604101244098&other_urls=https%3A%2F%2Fregistry.npm.taobao.org%2Faws4%2Fdownload%2Faws4-1.11.0.tgz#d61f46d83b2519250e2784daf5b09479a8b41c59"
  integrity sha1-1h9G2DslGSUOJ4Ta9bCUeai0HFk=

axios@^0.21.0:
  version "0.21.1"
  resolved "https://registry.nlark.com/axios/download/axios-0.21.1.tgz#22563481962f4d6bde9a76d516ef0e5d3c09b2b8"
  integrity sha1-IlY0gZYvTWvemnbVFu8OXTwJsrg=
  dependencies:
    follow-redirects "^1.10.0"

bcrypt-pbkdf@^1.0.0:
  version "1.0.2"
  resolved "https://registry.nlark.com/bcrypt-pbkdf/download/bcrypt-pbkdf-1.0.2.tgz#a4301d389b6a43f9b67ff3ca11a3f6637e360e9e"
  integrity sha1-pDAdOJtqQ/m2f/PKEaP2Y342Dp4=
  dependencies:
    tweetnacl "^0.14.3"

boolbase@^1.0.0:
  version "1.0.0"
  resolved "https://registry.npm.taobao.org/boolbase/download/boolbase-1.0.0.tgz#68dff5fbe60c51eb37725ea9e3ed310dcc1e776e"
  integrity sha1-aN/1++YMUes3cl6p4+0xDcwed24=

cache-content-type@^1.0.0:
  version "1.0.1"
  resolved "https://registry.npm.taobao.org/cache-content-type/download/cache-content-type-1.0.1.tgz#035cde2b08ee2129f4a8315ea8f00a00dba1453c"
  integrity sha1-A1zeKwjuISn0qDFeqPAKANuhRTw=
  dependencies:
    mime-types "^2.1.18"
    ylru "^1.2.0"

cacheable-lookup@^6.0.4:
  version "6.0.4"
  resolved "https://registry.npmmirror.com/cacheable-lookup/download/cacheable-lookup-6.0.4.tgz?cache=0&sync_timestamp=1634548260787&other_urls=https%3A%2F%2Fregistry.npmmirror.com%2Fcacheable-lookup%2Fdownload%2Fcacheable-lookup-6.0.4.tgz#65c0e51721bb7f9f2cb513aed6da4a1b93ad7dc8"
  integrity sha1-ZcDlFyG7f58stROu1tpKG5Otfcg=

cacheable-request@^7.0.2:
  version "7.0.2"
  resolved "https://registry.nlark.com/cacheable-request/download/cacheable-request-7.0.2.tgz?cache=0&sync_timestamp=1623237504263&other_urls=https%3A%2F%2Fregistry.nlark.com%2Fcacheable-request%2Fdownload%2Fcacheable-request-7.0.2.tgz#ea0d0b889364a25854757301ca12b2da77f91d27"
  integrity sha1-6g0LiJNkolhUdXMByhKy2nf5HSc=
  dependencies:
    clone-response "^1.0.2"
    get-stream "^5.1.0"
    http-cache-semantics "^4.0.0"
    keyv "^4.0.0"
    lowercase-keys "^2.0.0"
    normalize-url "^6.0.1"
    responselike "^2.0.0"

call-bind@^1.0.0:
  version "1.0.2"
  resolved "https://registry.npm.taobao.org/call-bind/download/call-bind-1.0.2.tgz#b1d4e89e688119c3c9a903ad30abb2f6a919be3c"
  integrity sha1-sdTonmiBGcPJqQOtMKuy9qkZvjw=
  dependencies:
    function-bind "^1.1.1"
    get-intrinsic "^1.0.2"

caseless@~0.12.0:
  version "0.12.0"
  resolved "https://registry.nlark.com/caseless/download/caseless-0.12.0.tgz#1b681c21ff84033c826543090689420d187151dc"
  integrity sha1-G2gcIf+EAzyCZUMJBolCDRhxUdw=

cheerio-select@^1.5.0:
  version "1.5.0"
  resolved "https://registry.nlark.com/cheerio-select/download/cheerio-select-1.5.0.tgz#faf3daeb31b17c5e1a9dabcee288aaf8aafa5823"
  integrity sha1-+vPa6zGxfF4anavO4oiq+Kr6WCM=
  dependencies:
    css-select "^4.1.3"
    css-what "^5.0.1"
    domelementtype "^2.2.0"
    domhandler "^4.2.0"
    domutils "^2.7.0"

cheerio@^1.0.0-rc.3:
  version "1.0.0-rc.10"
  resolved "https://registry.nlark.com/cheerio/download/cheerio-1.0.0-rc.10.tgz?cache=0&sync_timestamp=1623167787392&other_urls=https%3A%2F%2Fregistry.nlark.com%2Fcheerio%2Fdownload%2Fcheerio-1.0.0-rc.10.tgz#2ba3dcdfcc26e7956fc1f440e61d51c643379f3e"
  integrity sha1-K6Pc38wm55VvwfRA5h1RxkM3nz4=
  dependencies:
    cheerio-select "^1.5.0"
    dom-serializer "^1.3.2"
    domhandler "^4.2.0"
    htmlparser2 "^6.1.0"
    parse5 "^6.0.1"
    parse5-htmlparser2-tree-adapter "^6.0.1"
    tslib "^2.2.0"

clone-response@^1.0.2:
  version "1.0.2"
  resolved "https://registry.nlark.com/clone-response/download/clone-response-1.0.2.tgz#d1dc973920314df67fbeb94223b4ee350239e96b"
  integrity sha1-0dyXOSAxTfZ/vrlCI7TuNQI56Ws=
  dependencies:
    mimic-response "^1.0.0"

co@^4.6.0:
  version "4.6.0"
  resolved "https://registry.nlark.com/co/download/co-4.6.0.tgz#6ea6bdf3d853ae54ccb8e47bfa0bf3f9031fb184"
  integrity sha1-bqa989hTrlTMuOR7+gvz+QMfsYQ=

code-point-at@^1.0.0:
  version "1.1.0"
  resolved "https://registry.nlark.com/code-point-at/download/code-point-at-1.1.0.tgz#0d070b4d043a5bea33a2f1a40e2edb3d9a4ccf77"
  integrity sha1-DQcLTQQ6W+ozovGkDi7bPZpMz3c=

combined-stream@^1.0.6, combined-stream@~1.0.6:
  version "1.0.8"
  resolved "https://registry.nlark.com/combined-stream/download/combined-stream-1.0.8.tgz#c3d45a8b34fd730631a110a8a2520682b31d5a7f"
  integrity sha1-w9RaizT9cwYxoRCoolIGgrMdWn8=
  dependencies:
    delayed-stream "~1.0.0"

content-disposition@~0.5.2:
  version "0.5.4"
  resolved "https://registry.npmmirror.com/content-disposition/download/content-disposition-0.5.4.tgz#8b82b4efac82512a02bb0b1dcec9d2c5e8eb5bfe"
  integrity sha512-FveZTNuGw04cxlAiWbzi6zTAL/lhehaWbTtgluJh4/E95DqMwTmha3KZN1aAWA8cFIhHzMZUvLevkw5Rqk+tSQ==
  dependencies:
    safe-buffer "5.2.1"

content-type@^1.0.4:
  version "1.0.4"
  resolved "https://registry.nlark.com/content-type/download/content-type-1.0.4.tgz#e138cc75e040c727b1966fe5e5f8c9aee256fe3b"
  integrity sha1-4TjMdeBAxyexlm/l5fjJruJW/js=

cookies@~0.8.0:
  version "0.8.0"
  resolved "https://registry.npmmirror.com/cookies/download/cookies-0.8.0.tgz#1293ce4b391740a8406e3c9870e828c4b54f3f90"
  integrity sha512-8aPsApQfebXnuI+537McwYsDtjVxGm8gTIzQI3FDW6t5t/DAhERxtnbEPN/8RX+uZthoz4eCOgloXaE5cYyNow==
  dependencies:
    depd "~2.0.0"
    keygrip "~1.1.0"

core-util-is@1.0.2:
  version "1.0.2"
  resolved "https://registry.nlark.com/core-util-is/download/core-util-is-1.0.2.tgz#b5fd54220aa2bc5ab57aab7140c940754503c1a7"
  integrity sha1-tf1UIgqivFq1eqtxQMlAdUUDwac=

css-select@^4.1.3:
  version "4.1.3"
  resolved "https://registry.nlark.com/css-select/download/css-select-4.1.3.tgz?cache=0&sync_timestamp=1622994276976&other_urls=https%3A%2F%2Fregistry.nlark.com%2Fcss-select%2Fdownload%2Fcss-select-4.1.3.tgz#a70440f70317f2669118ad74ff105e65849c7067"
  integrity sha1-pwRA9wMX8maRGK10/xBeZYSccGc=
  dependencies:
    boolbase "^1.0.0"
    css-what "^5.0.0"
    domhandler "^4.2.0"
    domutils "^2.6.0"
    nth-check "^2.0.0"

css-what@^5.0.0, css-what@^5.0.1:
  version "5.0.1"
  resolved "https://registry.nlark.com/css-what/download/css-what-5.0.1.tgz#3efa820131f4669a8ac2408f9c32e7c7de9f4cad"
  integrity sha1-PvqCATH0ZpqKwkCPnDLnx96fTK0=

dashdash@^1.12.0:
  version "1.14.1"
  resolved "https://registry.nlark.com/dashdash/download/dashdash-1.14.1.tgz#853cfa0f7cbe2fed5de20326b8dd581035f6e2f0"
  integrity sha1-hTz6D3y+L+1d4gMmuN1YEDX24vA=
  dependencies:
    assert-plus "^1.0.0"

debug@^4.1.1, debug@^4.3.2:
  version "4.3.3"
  resolved "https://registry.npmmirror.com/debug/download/debug-4.3.3.tgz#04266e0b70a98d4462e6e288e38259213332b664"
  integrity sha512-/zxw5+vh1Tfv+4Qn7a5nsbcJKPaSvCDhojn6FEl9vupwK2VCSDtEiEtqr8DFtzYFOdz63LBkxec7DYuc2jon6Q==
  dependencies:
    ms "2.1.2"

decompress-response@^6.0.0:
  version "6.0.0"
  resolved "https://registry.npmmirror.com/decompress-response/download/decompress-response-6.0.0.tgz#ca387612ddb7e104bd16d85aab00d5ecf09c66fc"
  integrity sha1-yjh2Et234QS9FthaqwDV7PCcZvw=
  dependencies:
    mimic-response "^3.1.0"

deep-equal@~1.0.1:
  version "1.0.1"
  resolved "https://registry.nlark.com/deep-equal/download/deep-equal-1.0.1.tgz#f5d260292b660e084eff4cdbc9f08ad3247448b5"
  integrity sha1-9dJgKStmDghO/0zbyfCK0yR0SLU=

defer-to-connect@^2.0.1:
  version "2.0.1"
  resolved "https://registry.nlark.com/defer-to-connect/download/defer-to-connect-2.0.1.tgz#8016bdb4143e4632b77a3449c6236277de520587"
  integrity sha1-gBa9tBQ+RjK3ejRJxiNid95SBYc=

delayed-stream@~1.0.0:
  version "1.0.0"
  resolved "https://registry.nlark.com/delayed-stream/download/delayed-stream-1.0.0.tgz#df3ae199acadfb7d440aaae0b29e2272b24ec619"
  integrity sha1-3zrhmayt+31ECqrgsp4icrJOxhk=

delegates@^1.0.0:
  version "1.0.0"
  resolved "https://registry.npm.taobao.org/delegates/download/delegates-1.0.0.tgz#84c6e159b81904fdca59a0ef44cd870d31250f9a"
  integrity sha1-hMbhWbgZBP3KWaDvRM2HDTElD5o=

depd@^2.0.0, depd@~2.0.0:
  version "2.0.0"
  resolved "https://registry.nlark.com/depd/download/depd-2.0.0.tgz#b696163cc757560d09cf22cc8fad1571b79e76df"
  integrity sha1-tpYWPMdXVg0JzyLMj60Vcbeedt8=

depd@~1.1.2:
  version "1.1.2"
  resolved "https://registry.nlark.com/depd/download/depd-1.1.2.tgz#9bcd52e14c097763e749b274c4346ed2e560b5a9"
  integrity sha1-m81S4UwJd2PnSbJ0xDRu0uVgtak=

destroy@^1.0.4:
  version "1.0.4"
  resolved "https://registry.nlark.com/destroy/download/destroy-1.0.4.tgz#978857442c44749e4206613e37946205826abd80"
  integrity sha1-l4hXRCxEdJ5CBmE+N5RiBYJqvYA=

dom-serializer@^1.0.1, dom-serializer@^1.3.2:
  version "1.3.2"
  resolved "https://registry.nlark.com/dom-serializer/download/dom-serializer-1.3.2.tgz?cache=0&sync_timestamp=1621256819522&other_urls=https%3A%2F%2Fregistry.nlark.com%2Fdom-serializer%2Fdownload%2Fdom-serializer-1.3.2.tgz#6206437d32ceefaec7161803230c7a20bc1b4d91"
  integrity sha1-YgZDfTLO767HFhgDIwx6ILwbTZE=
  dependencies:
    domelementtype "^2.0.1"
    domhandler "^4.2.0"
    entities "^2.0.0"

domelementtype@^2.0.1, domelementtype@^2.2.0:
  version "2.2.0"
  resolved "https://registry.nlark.com/domelementtype/download/domelementtype-2.2.0.tgz#9a0b6c2782ed6a1c7323d42267183df9bd8b1d57"
  integrity sha1-mgtsJ4LtahxzI9QiZxg9+b2LHVc=

domhandler@^4.0.0, domhandler@^4.2.0:
  version "4.2.0"
  resolved "https://registry.nlark.com/domhandler/download/domhandler-4.2.0.tgz#f9768a5f034be60a89a27c2e4d0f74eba0d8b059"
  integrity sha1-+XaKXwNL5gqJonwuTQ9066DYsFk=
  dependencies:
    domelementtype "^2.2.0"

domutils@^2.5.2, domutils@^2.6.0, domutils@^2.7.0:
  version "2.7.0"
  resolved "https://registry.nlark.com/domutils/download/domutils-2.7.0.tgz?cache=0&sync_timestamp=1622995111565&other_urls=https%3A%2F%2Fregistry.nlark.com%2Fdomutils%2Fdownload%2Fdomutils-2.7.0.tgz#8ebaf0c41ebafcf55b0b72ec31c56323712c5442"
  integrity sha1-jrrwxB66/PVbC3LsMcVjI3EsVEI=
  dependencies:
    dom-serializer "^1.0.1"
    domelementtype "^2.2.0"
    domhandler "^4.2.0"

ecc-jsbn@~0.1.1:
  version "0.1.2"
  resolved "https://registry.nlark.com/ecc-jsbn/download/ecc-jsbn-0.1.2.tgz#3a83a904e54353287874c564b7549386849a98c9"
  integrity sha1-OoOpBOVDUyh4dMVkt1SThoSamMk=
  dependencies:
    jsbn "~0.1.0"
    safer-buffer "^2.1.0"

ee-first@1.1.1:
  version "1.1.1"
  resolved "https://registry.npm.taobao.org/ee-first/download/ee-first-1.1.1.tgz#590c61156b0ae2f4f0255732a158b266bc56b21d"
  integrity sha1-WQxhFWsK4vTwJVcyoViyZrxWsh0=

encodeurl@^1.0.2:
  version "1.0.2"
  resolved "https://registry.nlark.com/encodeurl/download/encodeurl-1.0.2.tgz#ad3ff4c86ec2d029322f5a02c3a9a606c95b3f59"
  integrity sha1-rT/0yG7C0CkyL1oCw6mmBslbP1k=

end-of-stream@^1.1.0:
  version "1.4.4"
  resolved "https://registry.nlark.com/end-of-stream/download/end-of-stream-1.4.4.tgz#5ae64a5f45057baf3626ec14da0ca5e4b2431eb0"
  integrity sha1-WuZKX0UFe682JuwU2gyl5LJDHrA=
  dependencies:
    once "^1.4.0"

entities@^2.0.0:
  version "2.2.0"
  resolved "https://registry.npm.taobao.org/entities/download/entities-2.2.0.tgz#098dc90ebb83d8dffa089d55256b351d34c4da55"
  integrity sha1-CY3JDruD2N/6CJ1VJWs1HTTE2lU=

escape-html@^1.0.3:
  version "1.0.3"
  resolved "https://registry.nlark.com/escape-html/download/escape-html-1.0.3.tgz#0258eae4d3d0c0974de1c169188ef0051d1d1988"
  integrity sha1-Aljq5NPQwJdN4cFpGI7wBR0dGYg=

extend@~3.0.2:
  version "3.0.2"
  resolved "https://registry.npm.taobao.org/extend/download/extend-3.0.2.tgz#f8b1136b4071fbd8eb140aff858b1019ec2915fa"
  integrity sha1-+LETa0Bx+9jrFAr/hYsQGewpFfo=

extsprintf@1.3.0:
  version "1.3.0"
  resolved "https://registry.nlark.com/extsprintf/download/extsprintf-1.3.0.tgz#96918440e3041a7a414f8c52e3c574eb3c3e1e05"
  integrity sha1-lpGEQOMEGnpBT4xS48V06zw+HgU=

extsprintf@^1.2.0:
  version "1.4.0"
  resolved "https://registry.nlark.com/extsprintf/download/extsprintf-1.4.0.tgz#e2689f8f356fad62cca65a3a91c5df5f9551692f"
  integrity sha1-4mifjzVvrWLMplo6kcXfX5VRaS8=

fast-deep-equal@^3.1.1:
  version "3.1.3"
  resolved "https://registry.nlark.com/fast-deep-equal/download/fast-deep-equal-3.1.3.tgz#3a7d56b559d6cbc3eb512325244e619a65c6c525"
  integrity sha1-On1WtVnWy8PrUSMlJE5hmmXGxSU=

fast-json-stable-stringify@^2.0.0:
  version "2.1.0"
  resolved "https://registry.nlark.com/fast-json-stable-stringify/download/fast-json-stable-stringify-2.1.0.tgz#874bf69c6f404c2b5d99c481341399fd55892633"
  integrity sha1-h0v2nG9ATCtdmcSBNBOZ/VWJJjM=

follow-redirects@^1.10.0:
  version "1.14.1"
  resolved "https://registry.nlark.com/follow-redirects/download/follow-redirects-1.14.1.tgz#d9114ded0a1cfdd334e164e6662ad02bfd91ff43"
  integrity sha1-2RFN7Qoc/dM04WTmZirQK/2R/0M=

forever-agent@~0.6.1:
  version "0.6.1"
  resolved "https://registry.nlark.com/forever-agent/download/forever-agent-0.6.1.tgz#fbc71f0c41adeb37f96c577ad1ed42d8fdacca91"
  integrity sha1-+8cfDEGt6zf5bFd60e1C2P2sypE=

form-data-encoder@1.7.1:
  version "1.7.1"
  resolved "https://registry.npmmirror.com/form-data-encoder/download/form-data-encoder-1.7.1.tgz#ac80660e4f87ee0d3d3c3638b7da8278ddb8ec96"
  integrity sha512-EFRDrsMm/kyqbTQocNvRXMLjc7Es2Vk+IQFx/YW7hkUH1eBl4J1fqiP34l74Yt0pFLCNpc06fkbVk00008mzjg==

form-data@^2.5.0:
  version "2.5.1"
  resolved "https://registry.npm.taobao.org/form-data/download/form-data-2.5.1.tgz#f2cbec57b5e59e23716e128fe44d4e5dd23895f4"
  integrity sha1-8svsV7XlniNxbhKP5E1OXdI4lfQ=
  dependencies:
    asynckit "^0.4.0"
    combined-stream "^1.0.6"
    mime-types "^2.1.12"

form-data@~2.3.2:
  version "2.3.3"
  resolved "https://registry.nlark.com/form-data/download/form-data-2.3.3.tgz#dcce52c05f644f298c6a7ab936bd724ceffbf3a6"
  integrity sha1-3M5SwF9kTymManq5Nr1yTO/786Y=
  dependencies:
    asynckit "^0.4.0"
    combined-stream "^1.0.6"
    mime-types "^2.1.12"

fresh@~0.5.2:
  version "0.5.2"
  resolved "https://registry.npm.taobao.org/fresh/download/fresh-0.5.2.tgz#3d8cadd90d976569fa835ab1f8e4b23a105605a7"
  integrity sha1-PYyt2Q2XZWn6g1qx+OSyOhBWBac=

function-bind@^1.1.1:
  version "1.1.1"
  resolved "https://registry.nlark.com/function-bind/download/function-bind-1.1.1.tgz#a56899d3ea3c9bab874bb9773b7c5ede92f4895d"
  integrity sha1-pWiZ0+o8m6uHS7l3O3xe3pL0iV0=

get-intrinsic@^1.0.2:
  version "1.1.1"
  resolved "https://registry.nlark.com/get-intrinsic/download/get-intrinsic-1.1.1.tgz#15f59f376f855c446963948f0d24cd3637b4abc6"
  integrity sha1-FfWfN2+FXERpY5SPDSTNNje0q8Y=
  dependencies:
    function-bind "^1.1.1"
    has "^1.0.3"
    has-symbols "^1.0.1"

get-stream@^5.1.0:
  version "5.2.0"
  resolved "https://registry.nlark.com/get-stream/download/get-stream-5.2.0.tgz#4966a1795ee5ace65e706c4b7beb71257d6e22d3"
  integrity sha1-SWaheV7lrOZecGxLe+txJX1uItM=
  dependencies:
    pump "^3.0.0"

get-stream@^6.0.1:
  version "6.0.1"
  resolved "https://registry.nlark.com/get-stream/download/get-stream-6.0.1.tgz#a262d8eef67aced57c2852ad6167526a43cbf7b7"
  integrity sha1-omLY7vZ6ztV8KFKtYWdSakPL97c=

getpass@^0.1.1:
  version "0.1.7"
  resolved "https://registry.nlark.com/getpass/download/getpass-0.1.7.tgz#5eff8e3e684d569ae4cb2b1282604e8ba62149fa"
  integrity sha1-Xv+OPmhNVprkyysSgmBOi6YhSfo=
  dependencies:
    assert-plus "^1.0.0"

got@^12.0.0:
  version "12.0.0"
  resolved "https://registry.npmmirror.com/got/download/got-12.0.0.tgz#2ee3d5ff25eabc47dae975d376ddcee1d450bec1"
  integrity sha512-gNNNghQ1yw0hyzie1FLK6gY90BQlXU9zSByyRygnbomHPruKQ6hAKKbpO1RfNZp8b+qNzNipGeRG3tUelKcVsA==
  dependencies:
    "@sindresorhus/is" "^4.2.0"
    "@szmarczak/http-timer" "^5.0.1"
    "@types/cacheable-request" "^6.0.2"
    "@types/responselike" "^1.0.0"
    cacheable-lookup "^6.0.4"
    cacheable-request "^7.0.2"
    decompress-response "^6.0.0"
    form-data-encoder "1.7.1"
    get-stream "^6.0.1"
    http2-wrapper "^2.1.9"
    lowercase-keys "^3.0.0"
    p-cancelable "^3.0.0"
    responselike "^2.0.0"

har-schema@^2.0.0:
  version "2.0.0"
  resolved "https://registry.nlark.com/har-schema/download/har-schema-2.0.0.tgz#a94c2224ebcac04782a0d9035521f24735b7ec92"
  integrity sha1-qUwiJOvKwEeCoNkDVSHyRzW37JI=

har-validator@~5.1.3:
  version "5.1.5"
  resolved "https://registry.npm.taobao.org/har-validator/download/har-validator-5.1.5.tgz#1f0803b9f8cb20c0fa13822df1ecddb36bde1efd"
  integrity sha1-HwgDufjLIMD6E4It8ezds2veHv0=
  dependencies:
    ajv "^6.12.3"
    har-schema "^2.0.0"

has-symbols@^1.0.1, has-symbols@^1.0.2:
  version "1.0.2"
  resolved "https://registry.nlark.com/has-symbols/download/has-symbols-1.0.2.tgz?cache=0&sync_timestamp=1621222543548&other_urls=https%3A%2F%2Fregistry.nlark.com%2Fhas-symbols%2Fdownload%2Fhas-symbols-1.0.2.tgz#165d3070c00309752a1236a479331e3ac56f1423"
  integrity sha1-Fl0wcMADCXUqEjakeTMeOsVvFCM=

has-tostringtag@^1.0.0:
  version "1.0.0"
  resolved "https://registry.nlark.com/has-tostringtag/download/has-tostringtag-1.0.0.tgz?cache=0&sync_timestamp=1628198671004&other_urls=https%3A%2F%2Fregistry.nlark.com%2Fhas-tostringtag%2Fdownload%2Fhas-tostringtag-1.0.0.tgz#7e133818a7d394734f941e73c3d3f9291e658b25"
  integrity sha1-fhM4GKfTlHNPlB5zw9P5KR5liyU=
  dependencies:
    has-symbols "^1.0.2"

has@^1.0.3:
  version "1.0.3"
  resolved "https://registry.nlark.com/has/download/has-1.0.3.tgz#722d7cbfc1f6aa8241f16dd814e011e1f41e8796"
  integrity sha1-ci18v8H2qoJB8W3YFOAR4fQeh5Y=
  dependencies:
    function-bind "^1.1.1"

htmlparser2@^6.1.0:
  version "6.1.0"
  resolved "https://registry.npm.taobao.org/htmlparser2/download/htmlparser2-6.1.0.tgz?cache=0&sync_timestamp=1617915295732&other_urls=https%3A%2F%2Fregistry.npm.taobao.org%2Fhtmlparser2%2Fdownload%2Fhtmlparser2-6.1.0.tgz#c4d762b6c3371a05dbe65e94ae43a9f845fb8fb7"
  integrity sha1-xNditsM3GgXb5l6UrkOp+EX7j7c=
  dependencies:
    domelementtype "^2.0.1"
    domhandler "^4.0.0"
    domutils "^2.5.2"
    entities "^2.0.0"

http-assert@^1.3.0:
  version "1.5.0"
  resolved "https://registry.nlark.com/http-assert/download/http-assert-1.5.0.tgz#c389ccd87ac16ed2dfa6246fd73b926aa00e6b8f"
  integrity sha1-w4nM2HrBbtLfpiRv1zuSaqAOa48=
  dependencies:
    deep-equal "~1.0.1"
    http-errors "~1.8.0"

http-cache-semantics@^4.0.0:
  version "4.1.0"
  resolved "https://registry.nlark.com/http-cache-semantics/download/http-cache-semantics-4.1.0.tgz#49e91c5cbf36c9b94bcfcd71c23d5249ec74e390"
  integrity sha1-SekcXL82yblLz81xwj1SSex045A=

http-errors@^1.6.3, http-errors@^1.7.3, http-errors@~1.8.0:
  version "1.8.1"
  resolved "https://registry.npmmirror.com/http-errors/download/http-errors-1.8.1.tgz#7c3f28577cbc8a207388455dbd62295ed07bd68c"
  integrity sha512-Kpk9Sm7NmI+RHhnj6OIWDI1d6fIoFAtFt9RLaTMRlg/8w49juAStsrBgp0Dp4OdxdVbRIeKhtCUvoi/RuAhO4g==
  dependencies:
    depd "~1.1.2"
    inherits "2.0.4"
    setprototypeof "1.2.0"
    statuses ">= 1.5.0 < 2"
    toidentifier "1.0.1"

http-signature@~1.2.0:
  version "1.2.0"
  resolved "https://registry.nlark.com/http-signature/download/http-signature-1.2.0.tgz#9aecd925114772f3d95b65a60abb8f7c18fbace1"
  integrity sha1-muzZJRFHcvPZW2WmCruPfBj7rOE=
  dependencies:
    assert-plus "^1.0.0"
    jsprim "^1.2.2"
    sshpk "^1.7.0"

http2-wrapper@^2.1.9:
  version "2.1.10"
  resolved "https://registry.npmmirror.com/http2-wrapper/download/http2-wrapper-2.1.10.tgz#307cd0cee2564723692ad34c2d570d12f10e83be"
  integrity sha512-QHgsdYkieKp+6JbXP25P+tepqiHYd+FVnDwXpxi/BlUcoIB0nsmTOymTNvETuTO+pDuwcSklPE72VR3DqV+Haw==
  dependencies:
    quick-lru "^5.1.1"
    resolve-alpn "^1.2.0"

inherits@2.0.4:
  version "2.0.4"
  resolved "https://registry.nlark.com/inherits/download/inherits-2.0.4.tgz#0fa2c64f932917c3433a0ded55363aae37416b7c"
  integrity sha1-D6LGT5MpF8NDOg3tVTY6rjdBa3w=

is-fullwidth-code-point@^1.0.0:
  version "1.0.0"
  resolved "https://registry.npm.taobao.org/is-fullwidth-code-point/download/is-fullwidth-code-point-1.0.0.tgz?cache=0&sync_timestamp=1618552469710&other_urls=https%3A%2F%2Fregistry.npm.taobao.org%2Fis-fullwidth-code-point%2Fdownload%2Fis-fullwidth-code-point-1.0.0.tgz#ef9e31386f031a7f0d643af82fde50c457ef00cb"
  integrity sha1-754xOG8DGn8NZDr4L95QxFfvAMs=
  dependencies:
    number-is-nan "^1.0.0"

is-generator-function@^1.0.7:
  version "1.0.10"
  resolved "https://registry.nlark.com/is-generator-function/download/is-generator-function-1.0.10.tgz?cache=0&other_urls=https%3A%2F%2Fregistry.nlark.com%2Fis-generator-function%2Fdownload%2Fis-generator-function-1.0.10.tgz#f1558baf1ac17e0deea7c0415c438351ff2b3c72"
  integrity sha1-8VWLrxrBfg3up8BBXEODUf8rPHI=
  dependencies:
    has-tostringtag "^1.0.0"

is-typedarray@~1.0.0:
  version "1.0.0"
  resolved "https://registry.npm.taobao.org/is-typedarray/download/is-typedarray-1.0.0.tgz#e479c80858df0c1b11ddda6940f96011fcda4a9a"
  integrity sha1-5HnICFjfDBsR3dppQPlgEfzaSpo=

isstream@~0.1.2:
  version "0.1.2"
  resolved "https://registry.npm.taobao.org/isstream/download/isstream-0.1.2.tgz#47e63f7af55afa6f92e1500e690eb8b8529c099a"
  integrity sha1-R+Y/evVa+m+S4VAOaQ64uFKcCZo=

jsbn@~0.1.0:
  version "0.1.1"
  resolved "https://registry.nlark.com/jsbn/download/jsbn-0.1.1.tgz#a5e654c2e5a2deb5f201d96cefbca80c0ef2f513"
  integrity sha1-peZUwuWi3rXyAdls77yoDA7y9RM=

json-buffer@3.0.1:
  version "3.0.1"
  resolved "https://registry.npm.taobao.org/json-buffer/download/json-buffer-3.0.1.tgz#9338802a30d3b6605fbe0613e094008ca8c05a13"
  integrity sha1-kziAKjDTtmBfvgYT4JQAjKjAWhM=

json-schema-traverse@^0.4.1:
  version "0.4.1"
  resolved "https://registry.nlark.com/json-schema-traverse/download/json-schema-traverse-0.4.1.tgz#69f6a87d9513ab8bb8fe63bdb0979c448e684660"
  integrity sha1-afaofZUTq4u4/mO9sJecRI5oRmA=

json-schema@0.2.3:
  version "0.2.3"
  resolved "https://registry.nlark.com/json-schema/download/json-schema-0.2.3.tgz#b480c892e59a2f05954ce727bd3f2a4e882f9e13"
  integrity sha1-tIDIkuWaLwWVTOcnvT8qTogvnhM=

json-stringify-safe@~5.0.1:
  version "5.0.1"
  resolved "https://registry.npm.taobao.org/json-stringify-safe/download/json-stringify-safe-5.0.1.tgz#1296a2d58fd45f19a0f6ce01d65701e2c735b6eb"
  integrity sha1-Epai1Y/UXxmg9s4B1lcB4sc1tus=

jsprim@^1.2.2:
  version "1.4.1"
  resolved "https://registry.npm.taobao.org/jsprim/download/jsprim-1.4.1.tgz#313e66bc1e5cc06e438bc1b7499c2e5c56acb6a2"
  integrity sha1-MT5mvB5cwG5Di8G3SZwuXFastqI=
  dependencies:
    assert-plus "1.0.0"
    extsprintf "1.3.0"
    json-schema "0.2.3"
    verror "1.10.0"

keygrip@~1.1.0:
  version "1.1.0"
  resolved "https://registry.npmmirror.com/keygrip/download/keygrip-1.1.0.tgz#871b1681d5e159c62a445b0c74b615e0917e7226"
  integrity sha1-hxsWgdXhWcYqRFsMdLYV4JF+ciY=
  dependencies:
    tsscmp "1.0.6"

keyv@^4.0.0:
  version "4.0.4"
  resolved "https://registry.npmmirror.com/keyv/download/keyv-4.0.4.tgz#f040b236ea2b06ed15ed86fbef8407e1a1c8e376"
  integrity sha1-8ECyNuorBu0V7Yb774QH4aHI43Y=
  dependencies:
    json-buffer "3.0.1"

koa-compose@^4.1.0:
  version "4.1.0"
  resolved "https://registry.npmmirror.com/koa-compose/download/koa-compose-4.1.0.tgz#507306b9371901db41121c812e923d0d67d3e877"
  integrity sha1-UHMGuTcZAdtBEhyBLpI9DWfT6Hc=

koa-convert@^2.0.0:
  version "2.0.0"
  resolved "https://registry.npm.taobao.org/koa-convert/download/koa-convert-2.0.0.tgz#86a0c44d81d40551bae22fee6709904573eea4f5"
  integrity sha1-hqDETYHUBVG64i/uZwmQRXPupPU=
  dependencies:
    co "^4.6.0"
    koa-compose "^4.1.0"

koa@^2.13.4:
  version "2.13.4"
  resolved "https://registry.npmmirror.com/koa/download/koa-2.13.4.tgz#ee5b0cb39e0b8069c38d115139c774833d32462e"
  integrity sha512-43zkIKubNbnrULWlHdN5h1g3SEKXOEzoAlRsHOTFpnlDu8JlAOZSMJBLULusuXRequboiwJcj5vtYXKB3k7+2g==
  dependencies:
    accepts "^1.3.5"
    cache-content-type "^1.0.0"
    content-disposition "~0.5.2"
    content-type "^1.0.4"
    cookies "~0.8.0"
    debug "^4.3.2"
    delegates "^1.0.0"
    depd "^2.0.0"
    destroy "^1.0.4"
    encodeurl "^1.0.2"
    escape-html "^1.0.3"
    fresh "~0.5.2"
    http-assert "^1.3.0"
    http-errors "^1.6.3"
    is-generator-function "^1.0.7"
    koa-compose "^4.1.0"
    koa-convert "^2.0.0"
    on-finished "^2.3.0"
    only "~0.0.2"
    parseurl "^1.3.2"
    statuses "^1.5.0"
    type-is "^1.6.16"
    vary "^1.1.2"

lowercase-keys@^2.0.0:
  version "2.0.0"
  resolved "https://registry.npmmirror.com/lowercase-keys/download/lowercase-keys-2.0.0.tgz?cache=0&sync_timestamp=1634551715073&other_urls=https%3A%2F%2Fregistry.npmmirror.com%2Flowercase-keys%2Fdownload%2Flowercase-keys-2.0.0.tgz#2603e78b7b4b0006cbca2fbcc8a3202558ac9479"
  integrity sha1-JgPni3tLAAbLyi+8yKMgJVislHk=

lowercase-keys@^3.0.0:
  version "3.0.0"
  resolved "https://registry.npmmirror.com/lowercase-keys/download/lowercase-keys-3.0.0.tgz?cache=0&sync_timestamp=1634551715073&other_urls=https%3A%2F%2Fregistry.npmmirror.com%2Flowercase-keys%2Fdownload%2Flowercase-keys-3.0.0.tgz#c5e7d442e37ead247ae9db117a9d0a467c89d4f2"
  integrity sha1-xefUQuN+rSR66dsRep0KRnyJ1PI=

media-typer@0.3.0:
  version "0.3.0"
  resolved "https://registry.nlark.com/media-typer/download/media-typer-0.3.0.tgz#8710d7af0aa626f8fffa1ce00168545263255748"
  integrity sha1-hxDXrwqmJvj/+hzgAWhUUmMlV0g=

methods@^1.1.2:
  version "1.1.2"
  resolved "https://registry.nlark.com/methods/download/methods-1.1.2.tgz#5529a4d67654134edcc5266656835b0f851afcee"
  integrity sha1-VSmk1nZUE07cxSZmVoNbD4Ua/O4=

mime-db@1.48.0:
  version "1.48.0"
  resolved "https://registry.nlark.com/mime-db/download/mime-db-1.48.0.tgz#e35b31045dd7eada3aaad537ed88a33afbef2d1d"
  integrity sha1-41sxBF3X6to6qtU37YijOvvvLR0=

mime-db@1.51.0:
  version "1.51.0"
  resolved "https://registry.npmmirror.com/mime-db/download/mime-db-1.51.0.tgz?cache=0&sync_timestamp=1636425951030&other_urls=https%3A%2F%2Fregistry.npmmirror.com%2Fmime-db%2Fdownload%2Fmime-db-1.51.0.tgz#d9ff62451859b18342d960850dc3cfb77e63fb0c"
  integrity sha512-5y8A56jg7XVQx2mbv1lu49NR4dokRnhZYTtL+KGfaa27uq4pSTXkwQkFJl4pkRMyNFz/EtYDSkiiEHx3F7UN6g==

mime-types@^2.1.12, mime-types@~2.1.19:
  version "2.1.31"
  resolved "https://registry.nlark.com/mime-types/download/mime-types-2.1.31.tgz?cache=0&sync_timestamp=1622570271617&other_urls=https%3A%2F%2Fregistry.nlark.com%2Fmime-types%2Fdownload%2Fmime-types-2.1.31.tgz#a00d76b74317c61f9c2db2218b8e9f8e9c5c9e6b"
  integrity sha1-oA12t0MXxh+cLbIhi46fjpxcnms=
  dependencies:
    mime-db "1.48.0"

mime-types@^2.1.18, mime-types@~2.1.24:
  version "2.1.34"
  resolved "https://registry.npmmirror.com/mime-types/download/mime-types-2.1.34.tgz?cache=0&sync_timestamp=1636432244120&other_urls=https%3A%2F%2Fregistry.npmmirror.com%2Fmime-types%2Fdownload%2Fmime-types-2.1.34.tgz#5a712f9ec1503511a945803640fafe09d3793c24"
  integrity sha512-6cP692WwGIs9XXdOO4++N+7qjqv0rqxxVvJ3VHPh/Sc9mVZcQP+ZGhkKiTvWMQRr2tbHkJP/Yn7Y0npb3ZBs4A==
  dependencies:
    mime-db "1.51.0"

mimic-response@^1.0.0:
  version "1.0.1"
  resolved "https://registry.nlark.com/mimic-response/download/mimic-response-1.0.1.tgz?cache=0&sync_timestamp=1628692524926&other_urls=https%3A%2F%2Fregistry.nlark.com%2Fmimic-response%2Fdownload%2Fmimic-response-1.0.1.tgz#4923538878eef42063cb8a3e3b0798781487ab1b"
  integrity sha1-SSNTiHju9CBjy4o+OweYeBSHqxs=

mimic-response@^3.1.0:
  version "3.1.0"
  resolved "https://registry.nlark.com/mimic-response/download/mimic-response-3.1.0.tgz?cache=0&sync_timestamp=1628692524926&other_urls=https%3A%2F%2Fregistry.nlark.com%2Fmimic-response%2Fdownload%2Fmimic-response-3.1.0.tgz#2d1d59af9c1b129815accc2c46a022a5ce1fa3c9"
  integrity sha1-LR1Zr5wbEpgVrMwsRqAipc4fo8k=

module-alias@^2.2.2:
  version "2.2.2"
  resolved "https://registry.npm.taobao.org/module-alias/download/module-alias-2.2.2.tgz#151cdcecc24e25739ff0aa6e51e1c5716974c0e0"
  integrity sha1-FRzc7MJOJXOf8KpuUeHFcWl0wOA=

moment@^2.29.1:
  version "2.29.1"
  resolved "https://registry.nlark.com/moment/download/moment-2.29.1.tgz#b2be769fa31940be9eeea6469c075e35006fa3d3"
  integrity sha1-sr52n6MZQL6e7qZGnAdeNQBvo9M=

ms@2.1.2:
  version "2.1.2"
  resolved "https://registry.npmmirror.com/ms/download/ms-2.1.2.tgz#d09d1f357b443f493382a8eb3ccd183872ae6009"
  integrity sha1-0J0fNXtEP0kzgqjrPM0YOHKuYAk=

negotiator@0.6.2:
  version "0.6.2"
  resolved "https://registry.nlark.com/negotiator/download/negotiator-0.6.2.tgz#feacf7ccf525a77ae9634436a64883ffeca346fb"
  integrity sha1-/qz3zPUlp3rpY0Q2pkiD/+yjRvs=

normalize-url@^6.0.1:
  version "6.1.0"
  resolved "https://registry.nlark.com/normalize-url/download/normalize-url-6.1.0.tgz#40d0885b535deffe3f3147bec877d05fe4c5668a"
  integrity sha1-QNCIW1Nd7/4/MUe+yHfQX+TFZoo=

nth-check@^2.0.0:
  version "2.0.0"
  resolved "https://registry.nlark.com/nth-check/download/nth-check-2.0.0.tgz#1bb4f6dac70072fc313e8c9cd1417b5074c0a125"
  integrity sha1-G7T22scAcvwxPoyc0UF7UHTAoSU=
  dependencies:
    boolbase "^1.0.0"

number-is-nan@^1.0.0:
  version "1.0.1"
  resolved "https://registry.nlark.com/number-is-nan/download/number-is-nan-1.0.1.tgz#097b602b53422a522c1afb8790318336941a011d"
  integrity sha1-CXtgK1NCKlIsGvuHkDGDNpQaAR0=

oauth-sign@~0.9.0:
  version "0.9.0"
  resolved "https://registry.nlark.com/oauth-sign/download/oauth-sign-0.9.0.tgz#47a7b016baa68b5fa0ecf3dee08a85c679ac6455"
  integrity sha1-R6ewFrqmi1+g7PPe4IqFxnmsZFU=

object-inspect@^1.9.0:
  version "1.10.3"
  resolved "https://registry.nlark.com/object-inspect/download/object-inspect-1.10.3.tgz#c2aa7d2d09f50c99375704f7a0adf24c5782d369"
  integrity sha1-wqp9LQn1DJk3VwT3oK3yTFeC02k=

on-finished@^2.3.0:
  version "2.3.0"
  resolved "https://registry.nlark.com/on-finished/download/on-finished-2.3.0.tgz#20f1336481b083cd75337992a16971aa2d906947"
  integrity sha1-IPEzZIGwg811M3mSoWlxqi2QaUc=
  dependencies:
    ee-first "1.1.1"

once@^1.3.1, once@^1.4.0:
  version "1.4.0"
  resolved "https://registry.nlark.com/once/download/once-1.4.0.tgz#583b1aa775961d4b113ac17d9c50baef9dd76bd1"
  integrity sha1-WDsap3WWHUsROsF9nFC6753Xa9E=
  dependencies:
    wrappy "1"

only@~0.0.2:
  version "0.0.2"
  resolved "https://registry.npm.taobao.org/only/download/only-0.0.2.tgz#2afde84d03e50b9a8edc444e30610a70295edfb4"
  integrity sha1-Kv3oTQPlC5qO3EROMGEKcCle37Q=

p-cancelable@^3.0.0:
  version "3.0.0"
  resolved "https://registry.nlark.com/p-cancelable/download/p-cancelable-3.0.0.tgz#63826694b54d61ca1c20ebcb6d3ecf5e14cd8050"
  integrity sha1-Y4JmlLVNYcocIOvLbT7PXhTNgFA=

parse5-htmlparser2-tree-adapter@^6.0.1:
  version "6.0.1"
  resolved "https://registry.nlark.com/parse5-htmlparser2-tree-adapter/download/parse5-htmlparser2-tree-adapter-6.0.1.tgz#2cdf9ad823321140370d4dbf5d3e92c7c8ddc6e6"
  integrity sha1-LN+a2CMyEUA3DU2/XT6Sx8jdxuY=
  dependencies:
    parse5 "^6.0.1"

parse5@^6.0.1:
  version "6.0.1"
  resolved "https://registry.nlark.com/parse5/download/parse5-6.0.1.tgz#e1a1c085c569b3dc08321184f19a39cc27f7c30b"
  integrity sha1-4aHAhcVps9wIMhGE8Zo5zCf3wws=

parseurl@^1.3.2:
  version "1.3.3"
  resolved "https://registry.nlark.com/parseurl/download/parseurl-1.3.3.tgz#9da19e7bee8d12dff0513ed5b76957793bc2e8d4"
  integrity sha1-naGee+6NEt/wUT7Vt2lXeTvC6NQ=

path-to-regexp@^6.1.0:
  version "6.2.0"
  resolved "https://registry.npm.taobao.org/path-to-regexp/download/path-to-regexp-6.2.0.tgz#f7b3803336104c346889adece614669230645f38"
  integrity sha1-97OAMzYQTDRoia3s5hRmkjBkXzg=

performance-now@^2.1.0:
  version "2.1.0"
  resolved "https://registry.npm.taobao.org/performance-now/download/performance-now-2.1.0.tgz#6309f4e0e5fa913ec1c69307ae364b4b377c9e7b"
  integrity sha1-Ywn04OX6kT7BxpMHrjZLSzd8nns=

psl@^1.1.28:
  version "1.8.0"
  resolved "https://registry.npm.taobao.org/psl/download/psl-1.8.0.tgz#9326f8bcfb013adcc005fdff056acce020e51c24"
  integrity sha1-kyb4vPsBOtzABf3/BWrM4CDlHCQ=

pump@^3.0.0:
  version "3.0.0"
  resolved "https://registry.npm.taobao.org/pump/download/pump-3.0.0.tgz#b4a2116815bde2f4e1ea602354e8c75565107a64"
  integrity sha1-tKIRaBW94vTh6mAjVOjHVWUQemQ=
  dependencies:
    end-of-stream "^1.1.0"
    once "^1.3.1"

punycode@^2.1.0, punycode@^2.1.1:
  version "2.1.1"
  resolved "https://registry.nlark.com/punycode/download/punycode-2.1.1.tgz#b58b010ac40c22c5657616c8d2c2c02c7bf479ec"
  integrity sha1-tYsBCsQMIsVldhbI0sLALHv0eew=

qs@^6.9.4:
  version "6.10.1"
  resolved "https://registry.nlark.com/qs/download/qs-6.10.1.tgz#4931482fa8d647a5aab799c5271d2133b981fb6a"
  integrity sha1-STFIL6jWR6Wqt5nFJx0hM7mB+2o=
  dependencies:
    side-channel "^1.0.4"

qs@~6.5.2:
  version "6.5.2"
  resolved "https://registry.nlark.com/qs/download/qs-6.5.2.tgz#cb3ae806e8740444584ef154ce8ee98d403f3e36"
  integrity sha1-yzroBuh0BERYTvFUzo7pjUA/PjY=

quick-lru@^5.1.1:
  version "5.1.1"
  resolved "https://registry.npmmirror.com/quick-lru/download/quick-lru-5.1.1.tgz?cache=0&other_urls=https%3A%2F%2Fregistry.npmmirror.com%2Fquick-lru%2Fdownload%2Fquick-lru-5.1.1.tgz#366493e6b3e42a3a6885e2e99d18f80fb7a8c932"
  integrity sha1-NmST5rPkKjpoheLpnRj4D7eoyTI=

request@^2.88.2:
  version "2.88.2"
  resolved "https://registry.npm.taobao.org/request/download/request-2.88.2.tgz#d73c918731cb5a87da047e207234146f664d12b3"
  integrity sha1-1zyRhzHLWofaBH4gcjQUb2ZNErM=
  dependencies:
    aws-sign2 "~0.7.0"
    aws4 "^1.8.0"
    caseless "~0.12.0"
    combined-stream "~1.0.6"
    extend "~3.0.2"
    forever-agent "~0.6.1"
    form-data "~2.3.2"
    har-validator "~5.1.3"
    http-signature "~1.2.0"
    is-typedarray "~1.0.0"
    isstream "~0.1.2"
    json-stringify-safe "~5.0.1"
    mime-types "~2.1.19"
    oauth-sign "~0.9.0"
    performance-now "^2.1.0"
    qs "~6.5.2"
    safe-buffer "^5.1.2"
    tough-cookie "~2.5.0"
    tunnel-agent "^0.6.0"
    uuid "^3.3.2"

resolve-alpn@^1.2.0:
  version "1.2.1"
  resolved "https://registry.nlark.com/resolve-alpn/download/resolve-alpn-1.2.1.tgz?cache=0&other_urls=https%3A%2F%2Fregistry.nlark.com%2Fresolve-alpn%2Fdownload%2Fresolve-alpn-1.2.1.tgz#b7adbdac3546aaaec20b45e7d8265927072726f9"
  integrity sha1-t629rDVGqq7CC0Xn2CZZJwcnJvk=

responselike@^2.0.0:
  version "2.0.0"
  resolved "https://registry.nlark.com/responselike/download/responselike-2.0.0.tgz#26391bcc3174f750f9a79eacc40a12a5c42d7723"
  integrity sha1-JjkbzDF091D5p56sxAoSpcQtdyM=
  dependencies:
    lowercase-keys "^2.0.0"

safe-buffer@5.2.1, safe-buffer@^5.0.1, safe-buffer@^5.1.2:
  version "5.2.1"
  resolved "https://registry.nlark.com/safe-buffer/download/safe-buffer-5.2.1.tgz#1eaf9fa9bdb1fdd4ec75f58f9cdb4e6b7827eec6"
  integrity sha1-Hq+fqb2x/dTsdfWPnNtOa3gn7sY=

safer-buffer@^2.0.2, safer-buffer@^2.1.0, safer-buffer@~2.1.0:
  version "2.1.2"
  resolved "https://registry.nlark.com/safer-buffer/download/safer-buffer-2.1.2.tgz#44fa161b0187b9549dd84bb91802f9bd8385cd6a"
  integrity sha1-RPoWGwGHuVSd2Eu5GAL5vYOFzWo=

setprototypeof@1.2.0:
  version "1.2.0"
  resolved "https://registry.npm.taobao.org/setprototypeof/download/setprototypeof-1.2.0.tgz#66c9a24a73f9fc28cbe66b09fed3d33dcaf1b424"
  integrity sha1-ZsmiSnP5/CjL5msJ/tPTPcrxtCQ=

side-channel@^1.0.4:
  version "1.0.4"
  resolved "https://registry.nlark.com/side-channel/download/side-channel-1.0.4.tgz#efce5c8fdc104ee751b25c58d4290011fa5ea2cf"
  integrity sha1-785cj9wQTudRslxY1CkAEfpeos8=
  dependencies:
    call-bind "^1.0.0"
    get-intrinsic "^1.0.2"
    object-inspect "^1.9.0"

single-line-log@^1.1.2:
  version "1.1.2"
  resolved "https://registry.nlark.com/single-line-log/download/single-line-log-1.1.2.tgz#c2f83f273a3e1a16edb0995661da0ed5ef033364"
  integrity sha1-wvg/Jzo+GhbtsJlWYdoO1e8DM2Q=
  dependencies:
    string-width "^1.0.1"

sshpk@^1.7.0:
  version "1.16.1"
  resolved "https://registry.nlark.com/sshpk/download/sshpk-1.16.1.tgz#fb661c0bef29b39db40769ee39fa70093d6f6877"
  integrity sha1-+2YcC+8ps520B2nuOfpwCT1vaHc=
  dependencies:
    asn1 "~0.2.3"
    assert-plus "^1.0.0"
    bcrypt-pbkdf "^1.0.0"
    dashdash "^1.12.0"
    ecc-jsbn "~0.1.1"
    getpass "^0.1.1"
    jsbn "~0.1.0"
    safer-buffer "^2.0.2"
    tweetnacl "~0.14.0"

"statuses@>= 1.5.0 < 2", statuses@^1.5.0:
  version "1.5.0"
  resolved "https://registry.npm.taobao.org/statuses/download/statuses-1.5.0.tgz#161c7dac177659fd9811f43771fa99381478628c"
  integrity sha1-Fhx9rBd2Wf2YEfQ3cfqZOBR4Yow=

string-width@^1.0.1:
  version "1.0.2"
  resolved "https://registry.npm.taobao.org/string-width/download/string-width-1.0.2.tgz#118bdf5b8cdc51a2a7e70d211e07e2b0b9b107d3"
  integrity sha1-EYvfW4zcUaKn5w0hHgfisLmxB9M=
  dependencies:
    code-point-at "^1.0.0"
    is-fullwidth-code-point "^1.0.0"
    strip-ansi "^3.0.0"

strip-ansi@^3.0.0:
  version "3.0.1"
  resolved "https://registry.npm.taobao.org/strip-ansi/download/strip-ansi-3.0.1.tgz?cache=0&sync_timestamp=1618553320591&other_urls=https%3A%2F%2Fregistry.npm.taobao.org%2Fstrip-ansi%2Fdownload%2Fstrip-ansi-3.0.1.tgz#6a385fb8853d952d5ff05d0e8aaf94278dc63dcf"
  integrity sha1-ajhfuIU9lS1f8F0Oiq+UJ43GPc8=
  dependencies:
    ansi-regex "^2.0.0"

toidentifier@1.0.1:
  version "1.0.1"
  resolved "https://registry.npmmirror.com/toidentifier/download/toidentifier-1.0.1.tgz?cache=0&sync_timestamp=1636938512912&other_urls=https%3A%2F%2Fregistry.npmmirror.com%2Ftoidentifier%2Fdownload%2Ftoidentifier-1.0.1.tgz#3be34321a88a820ed1bd80dfaa33e479fbb8dd35"
  integrity sha512-o5sSPKEkg/DIQNmH43V0/uerLrpzVedkUh8tGNvaeXpfpuwjKenlSox/2O/BTlZUtEe+JG7s5YhEz608PlAHRA==

tough-cookie@~2.5.0:
  version "2.5.0"
  resolved "https://registry.nlark.com/tough-cookie/download/tough-cookie-2.5.0.tgz#cd9fb2a0aa1d5a12b473bd9fb96fa3dcff65ade2"
  integrity sha1-zZ+yoKodWhK0c72fuW+j3P9lreI=
  dependencies:
    psl "^1.1.28"
    punycode "^2.1.1"

tslib@^2.2.0:
  version "2.3.0"
  resolved "https://registry.nlark.com/tslib/download/tslib-2.3.0.tgz#803b8cdab3e12ba581a4ca41c8839bbb0dacb09e"
  integrity sha1-gDuM2rPhK6WBpMpByIObuw2ssJ4=

tsscmp@1.0.6:
  version "1.0.6"
  resolved "https://registry.nlark.com/tsscmp/download/tsscmp-1.0.6.tgz#85b99583ac3589ec4bfef825b5000aa911d605eb"
  integrity sha1-hbmVg6w1iexL/vgltQAKqRHWBes=

tunnel-agent@^0.6.0:
  version "0.6.0"
  resolved "https://registry.nlark.com/tunnel-agent/download/tunnel-agent-0.6.0.tgz#27a5dea06b36b04a0a9966774b290868f0fc40fd"
  integrity sha1-J6XeoGs2sEoKmWZ3SykIaPD8QP0=
  dependencies:
    safe-buffer "^5.0.1"

tweetnacl@^0.14.3, tweetnacl@~0.14.0:
  version "0.14.5"
  resolved "https://registry.npm.taobao.org/tweetnacl/download/tweetnacl-0.14.5.tgz#5ae68177f192d4456269d108afa93ff8743f4f64"
  integrity sha1-WuaBd/GS1EViadEIr6k/+HQ/T2Q=

type-is@^1.6.16:
  version "1.6.18"
  resolved "https://registry.nlark.com/type-is/download/type-is-1.6.18.tgz#4e552cd05df09467dcbc4ef739de89f2cf37c131"
  integrity sha1-TlUs0F3wlGfcvE73Od6J8s83wTE=
  dependencies:
    media-typer "0.3.0"
    mime-types "~2.1.24"

uri-js@^4.2.2:
  version "4.4.1"
  resolved "https://registry.npm.taobao.org/uri-js/download/uri-js-4.4.1.tgz#9b1a52595225859e55f669d928f88c6c57f2a77e"
  integrity sha1-mxpSWVIlhZ5V9mnZKPiMbFfyp34=
  dependencies:
    punycode "^2.1.0"

uuid@^3.3.2:
  version "3.4.0"
  resolved "https://registry.nlark.com/uuid/download/uuid-3.4.0.tgz?cache=0&sync_timestamp=1622213185460&other_urls=https%3A%2F%2Fregistry.nlark.com%2Fuuid%2Fdownload%2Fuuid-3.4.0.tgz#b23e4358afa8a202fe7a100af1f5f883f02007ee"
  integrity sha1-sj5DWK+oogL+ehAK8fX4g/AgB+4=

vary@^1.1.2:
  version "1.1.2"
  resolved "https://registry.nlark.com/vary/download/vary-1.1.2.tgz#2299f02c6ded30d4a5961b0b9f74524a18f634fc"
  integrity sha1-IpnwLG3tMNSllhsLn3RSShj2NPw=

verror@1.10.0:
  version "1.10.0"
  resolved "https://registry.nlark.com/verror/download/verror-1.10.0.tgz#3a105ca17053af55d6e270c1f8288682e18da400"
  integrity sha1-OhBcoXBTr1XW4nDB+CiGguGNpAA=
  dependencies:
    assert-plus "^1.0.0"
    core-util-is "1.0.2"
    extsprintf "^1.2.0"

wrappy@1:
  version "1.0.2"
  resolved "https://registry.nlark.com/wrappy/download/wrappy-1.0.2.tgz?cache=0&sync_timestamp=1619133505879&other_urls=https%3A%2F%2Fregistry.nlark.com%2Fwrappy%2Fdownload%2Fwrappy-1.0.2.tgz#b5243d8f3ec1aa35f1364605bc0d1036e30ab69f"
  integrity sha1-tSQ9jz7BqjXxNkYFvA0QNuMKtp8=

ylru@^1.2.0:
  version "1.2.1"
  resolved "https://registry.nlark.com/ylru/download/ylru-1.2.1.tgz#f576b63341547989c1de7ba288760923b27fe84f"
  integrity sha1-9Xa2M0FUeYnB3nuiiHYJI7J/6E8=
